
Microsoft Visual Studio Solution File, Format Version 12.00
# Visual Studio 15
VisualStudioVersion = 15.0.28307.645
MinimumVisualStudioVersion = 10.0.40219.1
Project("{9A19103F-16F7-4668-BE54-9A1E7A4F7556}") = "Semester2PersoonlijkProjectStreamLabs", "Semester2PersoonlijkProjectStreamLabs\Semester2PersoonlijkProjectStreamLabs.csproj", "{5EECD0EE-C8B4-45D4-BE5C-B14F6B5DFE58}"
	ProjectSection(ProjectDependencies) = postProject
		{CDAE2732-B55E-496D-839F-7332788863D4} = {CDAE2732-B55E-496D-839F-7332788863D4}
		{22792E3F-9D41-44D8-88F7-6A5B0F5876F3} = {22792E3F-9D41-44D8-88F7-6A5B0F5876F3}
	EndProjectSection
EndProject
Project("{9A19103F-16F7-4668-BE54-9A1E7A4F7556}") = "Data", "Data\Data.csproj", "{23290229-8B41-42BC-8E3F-07153A8304D1}"
	ProjectSection(ProjectDependencies) = postProject
		{22792E3F-9D41-44D8-88F7-6A5B0F5876F3} = {22792E3F-9D41-44D8-88F7-6A5B0F5876F3}
	EndProjectSection
EndProject
Project("{9A19103F-16F7-4668-BE54-9A1E7A4F7556}") = "Logic", "Logic\Logic.csproj", "{CDAE2732-B55E-496D-839F-7332788863D4}"
	ProjectSection(ProjectDependencies) = postProject
		{23290229-8B41-42BC-8E3F-07153A8304D1} = {23290229-8B41-42BC-8E3F-07153A8304D1}
		{22792E3F-9D41-44D8-88F7-6A5B0F5876F3} = {22792E3F-9D41-44D8-88F7-6A5B0F5876F3}
	EndProjectSection
EndProject
Project("{9A19103F-16F7-4668-BE54-9A1E7A4F7556}") = "Models", "Models\Models.csproj", "{22792E3F-9D41-44D8-88F7-6A5B0F5876F3}"
EndProject
Project("{9A19103F-16F7-4668-BE54-9A1E7A4F7556}") = "StreamLabsTests", "StreamLabsTests\StreamLabsTests.csproj", "{B30EA318-AA70-4EF2-BBF8-832AB521F32C}"
	ProjectSection(ProjectDependencies) = postProject
		{23290229-8B41-42BC-8E3F-07153A8304D1} = {23290229-8B41-42BC-8E3F-07153A8304D1}
		{CDAE2732-B55E-496D-839F-7332788863D4} = {CDAE2732-B55E-496D-839F-7332788863D4}
		{22792E3F-9D41-44D8-88F7-6A5B0F5876F3} = {22792E3F-9D41-44D8-88F7-6A5B0F5876F3}
		{5EECD0EE-C8B4-45D4-BE5C-B14F6B5DFE58} = {5EECD0EE-C8B4-45D4-BE5C-B14F6B5DFE58}
	EndProjectSection
EndProject
Project("{FAE04EC0-301F-11D3-BF4B-00C04F79EFBC}") = "IntegrationTests", "IntegrationTests\IntegrationTests.csproj", "{A272E84E-BE82-426D-8EDA-D0F7F12011BF}"
EndProject
Global
	GlobalSection(SolutionConfigurationPlatforms) = preSolution
		Debug|Any CPU = Debug|Any CPU
		Release|Any CPU = Release|Any CPU
	EndGlobalSection
	GlobalSection(ProjectConfigurationPlatforms) = postSolution
		{5EECD0EE-C8B4-45D4-BE5C-B14F6B5DFE58}.Debug|Any CPU.ActiveCfg = Debug|Any CPU
		{5EECD0EE-C8B4-45D4-BE5C-B14F6B5DFE58}.Debug|Any CPU.Build.0 = Debug|Any CPU
		{5EECD0EE-C8B4-45D4-BE5C-B14F6B5DFE58}.Release|Any CPU.ActiveCfg = Release|Any CPU
		{5EECD0EE-C8B4-45D4-BE5C-B14F6B5DFE58}.Release|Any CPU.Build.0 = Release|Any CPU
		{23290229-8B41-42BC-8E3F-07153A8304D1}.Debug|Any CPU.ActiveCfg = Debug|Any CPU
		{23290229-8B41-42BC-8E3F-07153A8304D1}.Debug|Any CPU.Build.0 = Debug|Any CPU
		{23290229-8B41-42BC-8E3F-07153A8304D1}.Release|Any CPU.ActiveCfg = Release|Any CPU
		{23290229-8B41-42BC-8E3F-07153A8304D1}.Release|Any CPU.Build.0 = Release|Any CPU
		{CDAE2732-B55E-496D-839F-7332788863D4}.Debug|Any CPU.ActiveCfg = Debug|Any CPU
		{CDAE2732-B55E-496D-839F-7332788863D4}.Debug|Any CPU.Build.0 = Debug|Any CPU
		{CDAE2732-B55E-496D-839F-7332788863D4}.Release|Any CPU.ActiveCfg = Release|Any CPU
		{CDAE2732-B55E-496D-839F-7332788863D4}.Release|Any CPU.Build.0 = Release|Any CPU
		{22792E3F-9D41-44D8-88F7-6A5B0F5876F3}.Debug|Any CPU.ActiveCfg = Debug|Any CPU
		{22792E3F-9D41-44D8-88F7-6A5B0F5876F3}.Debug|Any CPU.Build.0 = Debug|Any CPU
		{22792E3F-9D41-44D8-88F7-6A5B0F5876F3}.Release|Any CPU.ActiveCfg = Release|Any CPU
		{22792E3F-9D41-44D8-88F7-6A5B0F5876F3}.Release|Any CPU.Build.0 = Release|Any CPU
		{B30EA318-AA70-4EF2-BBF8-832AB521F32C}.Debug|Any CPU.ActiveCfg = Debug|Any CPU
		{B30EA318-AA70-4EF2-BBF8-832AB521F32C}.Debug|Any CPU.Build.0 = Debug|Any CPU
		{B30EA318-AA70-4EF2-BBF8-832AB521F32C}.Release|Any CPU.ActiveCfg = Release|Any CPU
		{B30EA318-AA70-4EF2-BBF8-832AB521F32C}.Release|Any CPU.Build.0 = Release|Any CPU
		{A272E84E-BE82-426D-8EDA-D0F7F12011BF}.Debug|Any CPU.ActiveCfg = Debug|Any CPU
		{A272E84E-BE82-426D-8EDA-D0F7F12011BF}.Debug|Any CPU.Build.0 = Debug|Any CPU
		{A272E84E-BE82-426D-8EDA-D0F7F12011BF}.Release|Any CPU.ActiveCfg = Release|Any CPU
		{A272E84E-BE82-426D-8EDA-D0F7F12011BF}.Release|Any CPU.Build.0 = Release|Any CPU
	EndGlobalSection
	GlobalSection(SolutionProperties) = preSolution
		HideSolutionNode = FALSE
	EndGlobalSection
	GlobalSection(ExtensibilityGlobals) = postSolution
		SolutionGuid = {8E61746A-103D-4A31-AB84-4E22589B78DE}
	EndGlobalSection
EndGlobal
